
Microsoft Visual Studio Solution File, Format Version 12.00
# Visual Studio 15
VisualStudioVersion = 15.0.28010.2046
MinimumVisualStudioVersion = 10.0.40219.1
Project("{FAE04EC0-301F-11D3-BF4B-00C04F79EFBC}") = "FTP Client", "FTP Client\FTP Client.csproj", "{FF3FBBBA-AC35-41DE-8743-2619059E8BB7}"
EndProject
Global
	GlobalSection(SolutionConfigurationPlatforms) = preSolution
		Debug|Any CPU = Debug|Any CPU
		Release|Any CPU = Release|Any CPU
	EndGlobalSection
	GlobalSection(ProjectConfigurationPlatforms) = postSolution
		{FF3FBBBA-AC35-41DE-8743-2619059E8BB7}.Debug|Any CPU.ActiveCfg = Debug|Any CPU
		{FF3FBBBA-AC35-41DE-8743-2619059E8BB7}.Debug|Any CPU.Build.0 = Debug|Any CPU
		{FF3FBBBA-AC35-41DE-8743-2619059E8BB7}.Release|Any CPU.ActiveCfg = Release|Any CPU
		{FF3FBBBA-AC35-41DE-8743-2619059E8BB7}.Release|Any CPU.Build.0 = Release|Any CPU
	EndGlobalSection
	GlobalSection(SolutionProperties) = preSolution
		HideSolutionNode = FALSE
	EndGlobalSection
	GlobalSection(ExtensibilityGlobals) = postSolution
		SolutionGuid = {C1FCBFB6-CED3-4619-BEA2-46FA0C2256AD}
	EndGlobalSection
EndGlobal
